// !$*UTF8*$!
{
	archiveVersion = 1;
	classes = {
	};
	objectVersion = 46;
	objects = {

/* Begin PBXBuildFile section */
		56F6BCF7053492253401AC83 /* Pods_Instagrammed.framework in Frameworks */ = {isa = PBXBuildFile; fileRef = 457FE24F2B87AD7A30A11A57 /* Pods_Instagrammed.framework */; };
		665203DC1C841C6000E358F3 /* AppDelegate.swift in Sources */ = {isa = PBXBuildFile; fileRef = 665203DB1C841C6000E358F3 /* AppDelegate.swift */; };
		665203DE1C841C6000E358F3 /* ViewController.swift in Sources */ = {isa = PBXBuildFile; fileRef = 665203DD1C841C6000E358F3 /* ViewController.swift */; };
		665203E11C841C6000E358F3 /* Main.storyboard in Resources */ = {isa = PBXBuildFile; fileRef = 665203DF1C841C6000E358F3 /* Main.storyboard */; };
		665203E31C841C6000E358F3 /* Assets.xcassets in Resources */ = {isa = PBXBuildFile; fileRef = 665203E21C841C6000E358F3 /* Assets.xcassets */; };
		665203E61C841C6000E358F3 /* LaunchScreen.storyboard in Resources */ = {isa = PBXBuildFile; fileRef = 665203E41C841C6000E358F3 /* LaunchScreen.storyboard */; };
		665203EE1C841FF500E358F3 /* LoginViewController.swift in Sources */ = {isa = PBXBuildFile; fileRef = 665203ED1C841FF500E358F3 /* LoginViewController.swift */; };
		66FDDD1D1C8BDB05001FD0F3 /* azule.swift in Sources */ = {isa = PBXBuildFile; fileRef = 66FDDD1C1C8BDB05001FD0F3 /* azule.swift */; };
		66FEE8CA1C8BBB04008764D2 /* timelineViewController.swift in Sources */ = {isa = PBXBuildFile; fileRef = 66FEE8C91C8BBB04008764D2 /* timelineViewController.swift */; };
		66FEE8CC1C8BC067008764D2 /* ImagepickerViewController.swift in Sources */ = {isa = PBXBuildFile; fileRef = 66FEE8CB1C8BC067008764D2 /* ImagepickerViewController.swift */; };
		66FEE8CE1C8BD255008764D2 /* TimelineViewCell.swift in Sources */ = {isa = PBXBuildFile; fileRef = 66FEE8CD1C8BD255008764D2 /* TimelineViewCell.swift */; };
/* End PBXBuildFile section */

/* Begin PBXFileReference section */
		0EF545FCCCE51549A7236613 /* Pods-Instagrammed.release.xcconfig */ = {isa = PBXFileReference; includeInIndex = 1; lastKnownFileType = text.xcconfig; name = "Pods-Instagrammed.release.xcconfig"; path = "Pods/Target Support Files/Pods-Instagrammed/Pods-Instagrammed.release.xcconfig"; sourceTree = "<group>"; };
		15B52902316E48CF9E739418 /* Pods-Instagrammed.debug.xcconfig */ = {isa = PBXFileReference; includeInIndex = 1; lastKnownFileType = text.xcconfig; name = "Pods-Instagrammed.debug.xcconfig"; path = "Pods/Target Support Files/Pods-Instagrammed/Pods-Instagrammed.debug.xcconfig"; sourceTree = "<group>"; };
		457FE24F2B87AD7A30A11A57 /* Pods_Instagrammed.framework */ = {isa = PBXFileReference; explicitFileType = wrapper.framework; includeInIndex = 0; path = Pods_Instagrammed.framework; sourceTree = BUILT_PRODUCTS_DIR; };
		665203D81C841C6000E358F3 /* Instagrammed.app */ = {isa = PBXFileReference; explicitFileType = wrapper.application; includeInIndex = 0; path = Instagrammed.app; sourceTree = BUILT_PRODUCTS_DIR; };
		665203DB1C841C6000E358F3 /* AppDelegate.swift */ = {isa = PBXFileReference; lastKnownFileType = sourcecode.swift; path = AppDelegate.swift; sourceTree = "<group>"; };
		665203DD1C841C6000E358F3 /* ViewController.swift */ = {isa = PBXFileReference; lastKnownFileType = sourcecode.swift; path = ViewController.swift; sourceTree = "<group>"; };
		665203E01C841C6000E358F3 /* Base */ = {isa = PBXFileReference; lastKnownFileType = file.storyboard; name = Base; path = Base.lproj/Main.storyboard; sourceTree = "<group>"; };
		665203E21C841C6000E358F3 /* Assets.xcassets */ = {isa = PBXFileReference; lastKnownFileType = folder.assetcatalog; path = Assets.xcassets; sourceTree = "<group>"; };
		665203E51C841C6000E358F3 /* Base */ = {isa = PBXFileReference; lastKnownFileType = file.storyboard; name = Base; path = Base.lproj/LaunchScreen.storyboard; sourceTree = "<group>"; };
		665203E71C841C6000E358F3 /* Info.plist */ = {isa = PBXFileReference; lastKnownFileType = text.plist.xml; path = Info.plist; sourceTree = "<group>"; };
		665203ED1C841FF500E358F3 /* LoginViewController.swift */ = {isa = PBXFileReference; fileEncoding = 4; lastKnownFileType = sourcecode.swift; path = LoginViewController.swift; sourceTree = "<group>"; };
		66FDDD1C1C8BDB05001FD0F3 /* azule.swift */ = {isa = PBXFileReference; fileEncoding = 4; lastKnownFileType = sourcecode.swift; path = azule.swift; sourceTree = "<group>"; };
		66FEE8C91C8BBB04008764D2 /* timelineViewController.swift */ = {isa = PBXFileReference; fileEncoding = 4; lastKnownFileType = sourcecode.swift; path = timelineViewController.swift; sourceTree = "<group>"; };
		66FEE8CB1C8BC067008764D2 /* ImagepickerViewController.swift */ = {isa = PBXFileReference; fileEncoding = 4; lastKnownFileType = sourcecode.swift; path = ImagepickerViewController.swift; sourceTree = "<group>"; };
		66FEE8CD1C8BD255008764D2 /* TimelineViewCell.swift */ = {isa = PBXFileReference; fileEncoding = 4; lastKnownFileType = sourcecode.swift; path = TimelineViewCell.swift; sourceTree = "<group>"; };
/* End PBXFileReference section */

/* Begin PBXFrameworksBuildPhase section */
		665203D51C841C6000E358F3 /* Frameworks */ = {
			isa = PBXFrameworksBuildPhase;
			buildActionMask = 2147483647;
			files = (
				56F6BCF7053492253401AC83 /* Pods_Instagrammed.framework in Frameworks */,
			);
			runOnlyForDeploymentPostprocessing = 0;
		};
/* End PBXFrameworksBuildPhase section */

/* Begin PBXGroup section */
		23BC8FEF0176B73EE7A42300 /* Pods */ = {
			isa = PBXGroup;
			children = (
				15B52902316E48CF9E739418 /* Pods-Instagrammed.debug.xcconfig */,
				0EF545FCCCE51549A7236613 /* Pods-Instagrammed.release.xcconfig */,
			);
			name = Pods;
			sourceTree = "<group>";
		};
		665203CF1C841C6000E358F3 = {
			isa = PBXGroup;
			children = (
				665203DA1C841C6000E358F3 /* Instagrammed */,
				665203D91C841C6000E358F3 /* Products */,
				23BC8FEF0176B73EE7A42300 /* Pods */,
				8EDD8C0E2EF21E92E0D704CA /* Frameworks */,
			);
			sourceTree = "<group>";
		};
		665203D91C841C6000E358F3 /* Products */ = {
			isa = PBXGroup;
			children = (
				665203D81C841C6000E358F3 /* Instagrammed.app */,
			);
			name = Products;
			sourceTree = "<group>";
		};
		665203DA1C841C6000E358F3 /* Instagrammed */ = {
			isa = PBXGroup;
			children = (
				665203DB1C841C6000E358F3 /* AppDelegate.swift */,
				665203DD1C841C6000E358F3 /* ViewController.swift */,
				665203DF1C841C6000E358F3 /* Main.storyboard */,
				66FDDD1C1C8BDB05001FD0F3 /* azule.swift */,
				66FEE8CD1C8BD255008764D2 /* TimelineViewCell.swift */,
				66FEE8CB1C8BC067008764D2 /* ImagepickerViewController.swift */,
				66FEE8C91C8BBB04008764D2 /* timelineViewController.swift */,
				665203ED1C841FF500E358F3 /* LoginViewController.swift */,
				665203E21C841C6000E358F3 /* Assets.xcassets */,
				665203E41C841C6000E358F3 /* LaunchScreen.storyboard */,
				665203E71C841C6000E358F3 /* Info.plist */,
			);
			path = Instagrammed;
			sourceTree = "<group>";
		};
		8EDD8C0E2EF21E92E0D704CA /* Frameworks */ = {
			isa = PBXGroup;
			children = (
				457FE24F2B87AD7A30A11A57 /* Pods_Instagrammed.framework */,
			);
			name = Frameworks;
			sourceTree = "<group>";
		};
/* End PBXGroup section */

/* Begin PBXNativeTarget section */
		665203D71C841C6000E358F3 /* Instagrammed */ = {
			isa = PBXNativeTarget;
			buildConfigurationList = 665203EA1C841C6000E358F3 /* Build configuration list for PBXNativeTarget "Instagrammed" */;
			buildPhases = (
				0CCD40D14AB3B9ACB2BD62B5 /* Check Pods Manifest.lock */,
				665203D41C841C6000E358F3 /* Sources */,
				665203D51C841C6000E358F3 /* Frameworks */,
				665203D61C841C6000E358F3 /* Resources */,
				11B0054181FD5B07F64F40A7 /* Embed Pods Frameworks */,
				C2630DD211147A0D54AA86DB /* Copy Pods Resources */,
			);
			buildRules = (
			);
			dependencies = (
			);
			name = Instagrammed;
			productName = Instagrammed;
			productReference = 665203D81C841C6000E358F3 /* Instagrammed.app */;
			productType = "com.apple.product-type.application";
		};
/* End PBXNativeTarget section */

/* Begin PBXProject section */
		665203D01C841C6000E358F3 /* Project object */ = {
			isa = PBXProject;
			attributes = {
				LastSwiftUpdateCheck = 0720;
				LastUpgradeCheck = 0720;
				ORGANIZATIONNAME = "Eileen Madrigal";
				TargetAttributes = {
					665203D71C841C6000E358F3 = {
						CreatedOnToolsVersion = 7.2;
						DevelopmentTeam = L9F2KF9R6W;
					};
				};
			};
			buildConfigurationList = 665203D31C841C6000E358F3 /* Build configuration list for PBXProject "Instagrammed" */;
			compatibilityVersion = "Xcode 3.2";
			developmentRegion = English;
			hasScannedForEncodings = 0;
			knownRegions = (
				en,
				Base,
			);
			mainGroup = 665203CF1C841C6000E358F3;
			productRefGroup = 665203D91C841C6000E358F3 /* Products */;
			projectDirPath = "";
			projectRoot = "";
			targets = (
				665203D71C841C6000E358F3 /* Instagrammed */,
			);
		};
/* End PBXProject section */

/* Begin PBXResourcesBuildPhase section */
		665203D61C841C6000E358F3 /* Resources */ = {
			isa = PBXResourcesBuildPhase;
			buildActionMask = 2147483647;
			files = (
				665203E61C841C6000E358F3 /* LaunchScreen.storyboard in Resources */,
				665203E31C841C6000E358F3 /* Assets.xcassets in Resources */,
				665203E11C841C6000E358F3 /* Main.storyboard in Resources */,
			);
			runOnlyForDeploymentPostprocessing = 0;
		};
/* End PBXResourcesBuildPhase section */

/* Begin PBXShellScriptBuildPhase section */
		0CCD40D14AB3B9ACB2BD62B5 /* Check Pods Manifest.lock */ = {
			isa = PBXShellScriptBuildPhase;
			buildActionMask = 2147483647;
			files = (
			);
			inputPaths = (
			);
			name = "Check Pods Manifest.lock";
			outputPaths = (
			);
			runOnlyForDeploymentPostprocessing = 0;
			shellPath = /bin/sh;
			shellScript = "diff \"${PODS_ROOT}/../Podfile.lock\" \"${PODS_ROOT}/Manifest.lock\" > /dev/null\nif [[ $? != 0 ]] ; then\n    cat << EOM\nerror: The sandbox is not in sync with the Podfile.lock. Run 'pod install' or update your CocoaPods installation.\nEOM\n    exit 1\nfi\n";
			showEnvVarsInLog = 0;
		};
		11B0054181FD5B07F64F40A7 /* Embed Pods Frameworks */ = {
			isa = PBXShellScriptBuildPhase;
			buildActionMask = 2147483647;
			files = (
			);
			inputPaths = (
			);
			name = "Embed Pods Frameworks";
			outputPaths = (
			);
			runOnlyForDeploymentPostprocessing = 0;
			shellPath = /bin/sh;
			shellScript = "\"${SRCROOT}/Pods/Target Support Files/Pods-Instagrammed/Pods-Instagrammed-frameworks.sh\"\n";
			showEnvVarsInLog = 0;
		};
		C2630DD211147A0D54AA86DB /* Copy Pods Resources */ = {
			isa = PBXShellScriptBuildPhase;
			buildActionMask = 2147483647;
			files = (
			);
			inputPaths = (
			);
			name = "Copy Pods Resources";
			outputPaths = (
			);
			runOnlyForDeploymentPostprocessing = 0;
			shellPath = /bin/sh;
			shellScript = "\"${SRCROOT}/Pods/Target Support Files/Pods-Instagrammed/Pods-Instagrammed-resources.sh\"\n";
			showEnvVarsInLog = 0;
		};
/* End PBXShellScriptBuildPhase section */

/* Begin PBXSourcesBuildPhase section */
		665203D41C841C6000E358F3 /* Sources */ = {
			isa = PBXSourcesBuildPhase;
			buildActionMask = 2147483647;
			files = (
				665203EE1C841FF500E358F3 /* LoginViewController.swift in Sources */,
				66FEE8CA1C8BBB04008764D2 /* timelineViewController.swift in Sources */,
				66FEE8CC1C8BC067008764D2 /* ImagepickerViewController.swift in Sources */,
				66FEE8CE1C8BD255008764D2 /* TimelineViewCell.swift in Sources */,
				665203DE1C841C6000E358F3 /* ViewController.swift in Sources */,
				66FDDD1D1C8BDB05001FD0F3 /* azule.swift in Sources */,
				665203DC1C841C6000E358F3 /* AppDelegate.swift in Sources */,
			);
			runOnlyForDeploymentPostprocessing = 0;
		};
/* End PBXSourcesBuildPhase section */

/* Begin PBXVariantGroup section */
		665203DF1C841C6000E358F3 /* Main.storyboard */ = {
			isa = PBXVariantGroup;
			children = (
				665203E01C841C6000E358F3 /* Base */,
			);
			name = Main.storyboard;
			sourceTree = "<group>";
		};
		665203E41C841C6000E358F3 /* LaunchScreen.storyboard */ = {
			isa = PBXVariantGroup;
			children = (
				665203E51C841C6000E358F3 /* Base */,
			);
			name = LaunchScreen.storyboard;
			sourceTree = "<group>";
		};
/* End PBXVariantGroup section */

/* Begin XCBuildConfiguration section */
		665203E81C841C6000E358F3 /* Debug */ = {
			isa = XCBuildConfiguration;
			buildSettings = {
				ALWAYS_SEARCH_USER_PATHS = NO;
				CLANG_CXX_LANGUAGE_STANDARD = "gnu++0x";
				CLANG_CXX_LIBRARY = "libc++";
				CLANG_ENABLE_MODULES = YES;
				CLANG_ENABLE_OBJC_ARC = YES;
				CLANG_WARN_BOOL_CONVERSION = YES;
				CLANG_WARN_CONSTANT_CONVERSION = YES;
				CLANG_WARN_DIRECT_OBJC_ISA_USAGE = YES_ERROR;
				CLANG_WARN_EMPTY_BODY = YES;
				CLANG_WARN_ENUM_CONVERSION = YES;
				CLANG_WARN_INT_CONVERSION = YES;
				CLANG_WARN_OBJC_ROOT_CLASS = YES_ERROR;
				CLANG_WARN_UNREACHABLE_CODE = YES;
				CLANG_WARN__DUPLICATE_METHOD_MATCH = YES;
				"CODE_SIGN_IDENTITY[sdk=iphoneos*]" = "iPhone Developer";
				COPY_PHASE_STRIP = NO;
				DEBUG_INFORMATION_FORMAT = dwarf;
				ENABLE_STRICT_OBJC_MSGSEND = YES;
				ENABLE_TESTABILITY = YES;
				GCC_C_LANGUAGE_STANDARD = gnu99;
				GCC_DYNAMIC_NO_PIC = NO;
				GCC_NO_COMMON_BLOCKS = YES;
				GCC_OPTIMIZATION_LEVEL = 0;
				GCC_PREPROCESSOR_DEFINITIONS = (
					"DEBUG=1",
					"$(inherited)",
				);
				GCC_WARN_64_TO_32_BIT_CONVERSION = YES;
				GCC_WARN_ABOUT_RETURN_TYPE = YES_ERROR;
				GCC_WARN_UNDECLARED_SELECTOR = YES;
				GCC_WARN_UNINITIALIZED_AUTOS = YES_AGGRESSIVE;
				GCC_WARN_UNUSED_FUNCTION = YES;
				GCC_WARN_UNUSED_VARIABLE = YES;
				IPHONEOS_DEPLOYMENT_TARGET = 9.2;
				MTL_ENABLE_DEBUG_INFO = YES;
				ONLY_ACTIVE_ARCH = YES;
				SDKROOT = iphoneos;
				SWIFT_OPTIMIZATION_LEVEL = "-Onone";
			};
			name = Debug;
		};
		665203E91C841C6000E358F3 /* Release */ = {
			isa = XCBuildConfiguration;
			buildSettings = {
				ALWAYS_SEARCH_USER_PATHS = NO;
				CLANG_CXX_LANGUAGE_STANDARD = "gnu++0x";
				CLANG_CXX_LIBRARY = "libc++";
				CLANG_ENABLE_MODULES = YES;
				CLANG_ENABLE_OBJC_ARC = YES;
				CLANG_WARN_BOOL_CONVERSION = YES;
				CLANG_WARN_CONSTANT_CONVERSION = YES;
				CLANG_WARN_DIRECT_OBJC_ISA_USAGE = YES_ERROR;
				CLANG_WARN_EMPTY_BODY = YES;
				CLANG_WARN_ENUM_CONVERSION = YES;
				CLANG_WARN_INT_CONVERSION = YES;
				CLANG_WARN_OBJC_ROOT_CLASS = YES_ERROR;
				CLANG_WARN_UNREACHABLE_CODE = YES;
				CLANG_WARN__DUPLICATE_METHOD_MATCH = YES;
				"CODE_SIGN_IDENTITY[sdk=iphoneos*]" = "iPhone Developer";
				COPY_PHASE_STRIP = NO;
				DEBUG_INFORMATION_FORMAT = "dwarf-with-dsym";
				ENABLE_NS_ASSERTIONS = NO;
				ENABLE_STRICT_OBJC_MSGSEND = YES;
				GCC_C_LANGUAGE_STANDARD = gnu99;
				GCC_NO_COMMON_BLOCKS = YES;
				GCC_WARN_64_TO_32_BIT_CONVERSION = YES;
				GCC_WARN_ABOUT_RETURN_TYPE = YES_ERROR;
				GCC_WARN_UNDECLARED_SELECTOR = YES;
				GCC_WARN_UNINITIALIZED_AUTOS = YES_AGGRESSIVE;
				GCC_WARN_UNUSED_FUNCTION = YES;
				GCC_WARN_UNUSED_VARIABLE = YES;
				IPHONEOS_DEPLOYMENT_TARGET = 9.2;
				MTL_ENABLE_DEBUG_INFO = NO;
				SDKROOT = iphoneos;
				VALIDATE_PRODUCT = YES;
			};
			name = Release;
		};
		665203EB1C841C6000E358F3 /* Debug */ = {
			isa = XCBuildConfiguration;
			baseConfigurationReference = 15B52902316E48CF9E739418 /* Pods-Instagrammed.debug.xcconfig */;
			buildSettings = {
				ASSETCATALOG_COMPILER_APPICON_NAME = AppIcon;
				INFOPLIST_FILE = Instagrammed/Info.plist;
				LD_RUNPATH_SEARCH_PATHS = "$(inherited) @executable_path/Frameworks";
				PRODUCT_BUNDLE_IDENTIFIER = nems167.Instagrammed;
				PRODUCT_NAME = "$(TARGET_NAME)";
			};
			name = Debug;
		};
		665203EC1C841C6000E358F3 /* Release */ = {
			isa = XCBuildConfiguration;
			baseConfigurationReference = 0EF545FCCCE51549A7236613 /* Pods-Instagrammed.release.xcconfig */;
			buildSettings = {
				ASSETCATALOG_COMPILER_APPICON_NAME = AppIcon;
				INFOPLIST_FILE = Instagrammed/Info.plist;
				LD_RUNPATH_SEARCH_PATHS = "$(inherited) @executable_path/Frameworks";
				PRODUCT_BUNDLE_IDENTIFIER = nems167.Instagrammed;
				PRODUCT_NAME = "$(TARGET_NAME)";
			};
			name = Release;
		};
/* End XCBuildConfiguration section */

/* Begin XCConfigurationList section */
		665203D31C841C6000E358F3 /* Build configuration list for PBXProject "Instagrammed" */ = {
			isa = XCConfigurationList;
			buildConfigurations = (
				665203E81C841C6000E358F3 /* Debug */,
				665203E91C841C6000E358F3 /* Release */,
			);
			defaultConfigurationIsVisible = 0;
			defaultConfigurationName = Release;
		};
		665203EA1C841C6000E358F3 /* Build configuration list for PBXNativeTarget "Instagrammed" */ = {
			isa = XCConfigurationList;
			buildConfigurations = (
				665203EB1C841C6000E358F3 /* Debug */,
				665203EC1C841C6000E358F3 /* Release */,
			);
			defaultConfigurationIsVisible = 0;
			defaultConfigurationName = Release;
		};
/* End XCConfigurationList section */
	};
	rootObject = 665203D01C841C6000E358F3 /* Project object */;
}
